// !$*UTF8*$!
{
	archiveVersion = 1;
	classes = {
	};
	objectVersion = 46;
	objects = {

/* Begin PBXBuildFile section */
		0EE260A71955EE69004939DF /* GitKit.h in Headers */ = {isa = PBXBuildFile; fileRef = 0EE260A61955EE69004939DF /* GitKit.h */; settings = {ATTRIBUTES = (Public, ); }; };
		0EE260AD1955EE69004939DF /* GitKit.framework in Frameworks */ = {isa = PBXBuildFile; fileRef = 0EE260A11955EE69004939DF /* GitKit.framework */; };
		0EE260B41955EE69004939DF /* GitKitTests.swift in Sources */ = {isa = PBXBuildFile; fileRef = 0EE260B31955EE69004939DF /* GitKitTests.swift */; };
		0EE260BE1955F00D004939DF /* GitKit.swift in Sources */ = {isa = PBXBuildFile; fileRef = 0EE260BD1955F00D004939DF /* GitKit.swift */; };
		0EE260C81955F228004939DF /* Agent.framework in Frameworks */ = {isa = PBXBuildFile; fileRef = 0EE260C51955F220004939DF /* Agent.framework */; };
/* End PBXBuildFile section */

/* Begin PBXContainerItemProxy section */
		0EE260AE1955EE69004939DF /* PBXContainerItemProxy */ = {
			isa = PBXContainerItemProxy;
			containerPortal = 0EE260981955EE69004939DF /* Project object */;
			proxyType = 1;
			remoteGlobalIDString = 0EE260A01955EE69004939DF;
			remoteInfo = GitKit;
		};
		0EE260C41955F220004939DF /* PBXContainerItemProxy */ = {
			isa = PBXContainerItemProxy;
			containerPortal = 0EE260BF1955F220004939DF /* Agent.xcodeproj */;
			proxyType = 2;
			remoteGlobalIDString = 8A90A2A1193D5613001D7C92;
			remoteInfo = Agent;
		};
		0EE260C61955F220004939DF /* PBXContainerItemProxy */ = {
			isa = PBXContainerItemProxy;
			containerPortal = 0EE260BF1955F220004939DF /* Agent.xcodeproj */;
			proxyType = 2;
			remoteGlobalIDString = 8A90A2AC193D5613001D7C92;
			remoteInfo = AgentTests;
		};
/* End PBXContainerItemProxy section */

/* Begin PBXFileReference section */
		0EE260A11955EE69004939DF /* GitKit.framework */ = {isa = PBXFileReference; explicitFileType = wrapper.framework; includeInIndex = 0; path = GitKit.framework; sourceTree = BUILT_PRODUCTS_DIR; };
		0EE260A51955EE69004939DF /* Info.plist */ = {isa = PBXFileReference; lastKnownFileType = text.plist.xml; path = Info.plist; sourceTree = "<group>"; };
		0EE260A61955EE69004939DF /* GitKit.h */ = {isa = PBXFileReference; lastKnownFileType = sourcecode.c.h; path = GitKit.h; sourceTree = "<group>"; };
		0EE260AC1955EE69004939DF /* GitKitTests.xctest */ = {isa = PBXFileReference; explicitFileType = wrapper.cfbundle; includeInIndex = 0; path = GitKitTests.xctest; sourceTree = BUILT_PRODUCTS_DIR; };
		0EE260B21955EE69004939DF /* Info.plist */ = {isa = PBXFileReference; lastKnownFileType = text.plist.xml; path = Info.plist; sourceTree = "<group>"; };
		0EE260B31955EE69004939DF /* GitKitTests.swift */ = {isa = PBXFileReference; lastKnownFileType = sourcecode.swift; path = GitKitTests.swift; sourceTree = "<group>"; };
		0EE260BD1955F00D004939DF /* GitKit.swift */ = {isa = PBXFileReference; fileEncoding = 4; lastKnownFileType = sourcecode.swift; path = GitKit.swift; sourceTree = "<group>"; };
		0EE260BF1955F220004939DF /* Agent.xcodeproj */ = {isa = PBXFileReference; lastKnownFileType = "wrapper.pb-project"; name = Agent.xcodeproj; path = ../../agent/Agent.xcodeproj; sourceTree = "<group>"; };
/* End PBXFileReference section */

/* Begin PBXFrameworksBuildPhase section */
		0EE2609D1955EE69004939DF /* Frameworks */ = {
			isa = PBXFrameworksBuildPhase;
			buildActionMask = 2147483647;
			files = (
				0EE260C81955F228004939DF /* Agent.framework in Frameworks */,
			);
			runOnlyForDeploymentPostprocessing = 0;
		};
		0EE260A91955EE69004939DF /* Frameworks */ = {
			isa = PBXFrameworksBuildPhase;
			buildActionMask = 2147483647;
			files = (
				0EE260AD1955EE69004939DF /* GitKit.framework in Frameworks */,
			);
			runOnlyForDeploymentPostprocessing = 0;
		};
/* End PBXFrameworksBuildPhase section */

/* Begin PBXGroup section */
		0EE260971955EE69004939DF = {
			isa = PBXGroup;
			children = (
				0EE260A31955EE69004939DF /* GitKit */,
				0EE260B01955EE69004939DF /* GitKitTests */,
				0EE260A21955EE69004939DF /* Products */,
			);
			sourceTree = "<group>";
		};
		0EE260A21955EE69004939DF /* Products */ = {
			isa = PBXGroup;
			children = (
				0EE260A11955EE69004939DF /* GitKit.framework */,
				0EE260AC1955EE69004939DF /* GitKitTests.xctest */,
			);
			name = Products;
			sourceTree = "<group>";
		};
		0EE260A31955EE69004939DF /* GitKit */ = {
			isa = PBXGroup;
			children = (
				0EE260A61955EE69004939DF /* GitKit.h */,
				0EE260A41955EE69004939DF /* Supporting Files */,
				0EE260BD1955F00D004939DF /* GitKit.swift */,
				0EE260BF1955F220004939DF /* Agent.xcodeproj */,
			);
			path = GitKit;
			sourceTree = "<group>";
		};
		0EE260A41955EE69004939DF /* Supporting Files */ = {
			isa = PBXGroup;
			children = (
				0EE260A51955EE69004939DF /* Info.plist */,
			);
			name = "Supporting Files";
			sourceTree = "<group>";
		};
		0EE260B01955EE69004939DF /* GitKitTests */ = {
			isa = PBXGroup;
			children = (
				0EE260B31955EE69004939DF /* GitKitTests.swift */,
				0EE260B11955EE69004939DF /* Supporting Files */,
			);
			path = GitKitTests;
			sourceTree = "<group>";
		};
		0EE260B11955EE69004939DF /* Supporting Files */ = {
			isa = PBXGroup;
			children = (
				0EE260B21955EE69004939DF /* Info.plist */,
			);
			name = "Supporting Files";
			sourceTree = "<group>";
		};
		0EE260C01955F220004939DF /* Products */ = {
			isa = PBXGroup;
			children = (
				0EE260C51955F220004939DF /* Agent.framework */,
				0EE260C71955F220004939DF /* AgentTests.xctest */,
			);
			name = Products;
			sourceTree = "<group>";
		};
/* End PBXGroup section */

/* Begin PBXHeadersBuildPhase section */
		0EE2609E1955EE69004939DF /* Headers */ = {
			isa = PBXHeadersBuildPhase;
			buildActionMask = 2147483647;
			files = (
				0EE260A71955EE69004939DF /* GitKit.h in Headers */,
			);
			runOnlyForDeploymentPostprocessing = 0;
		};
/* End PBXHeadersBuildPhase section */

/* Begin PBXNativeTarget section */
		0EE260A01955EE69004939DF /* GitKit */ = {
			isa = PBXNativeTarget;
			buildConfigurationList = 0EE260B71955EE69004939DF /* Build configuration list for PBXNativeTarget "GitKit" */;
			buildPhases = (
				0EE2609C1955EE69004939DF /* Sources */,
				0EE2609D1955EE69004939DF /* Frameworks */,
				0EE2609E1955EE69004939DF /* Headers */,
				0EE2609F1955EE69004939DF /* Resources */,
			);
			buildRules = (
			);
			dependencies = (
			);
			name = GitKit;
			productName = GitKit;
			productReference = 0EE260A11955EE69004939DF /* GitKit.framework */;
			productType = "com.apple.product-type.framework";
		};
		0EE260AB1955EE69004939DF /* GitKitTests */ = {
			isa = PBXNativeTarget;
			buildConfigurationList = 0EE260BA1955EE69004939DF /* Build configuration list for PBXNativeTarget "GitKitTests" */;
			buildPhases = (
				0EE260A81955EE69004939DF /* Sources */,
				0EE260A91955EE69004939DF /* Frameworks */,
				0EE260AA1955EE69004939DF /* Resources */,
			);
			buildRules = (
			);
			dependencies = (
				0EE260AF1955EE69004939DF /* PBXTargetDependency */,
			);
			name = GitKitTests;
			productName = GitKitTests;
			productReference = 0EE260AC1955EE69004939DF /* GitKitTests.xctest */;
			productType = "com.apple.product-type.bundle.unit-test";
		};
/* End PBXNativeTarget section */

/* Begin PBXProject section */
		0EE260981955EE69004939DF /* Project object */ = {
			isa = PBXProject;
			attributes = {
				LastUpgradeCheck = 0600;
				ORGANIZATIONNAME = "Russell Richardson";
				TargetAttributes = {
					0EE260A01955EE69004939DF = {
						CreatedOnToolsVersion = 6.0;
					};
					0EE260AB1955EE69004939DF = {
						CreatedOnToolsVersion = 6.0;
						TestTargetID = 0EE260A01955EE69004939DF;
					};
				};
			};
			buildConfigurationList = 0EE2609B1955EE69004939DF /* Build configuration list for PBXProject "GitKit" */;
			compatibilityVersion = "Xcode 3.2";
			developmentRegion = English;
			hasScannedForEncodings = 0;
			knownRegions = (
				en,
			);
			mainGroup = 0EE260971955EE69004939DF;
			productRefGroup = 0EE260A21955EE69004939DF /* Products */;
			projectDirPath = "";
			projectReferences = (
				{
					ProductGroup = 0EE260C01955F220004939DF /* Products */;
					ProjectRef = 0EE260BF1955F220004939DF /* Agent.xcodeproj */;
				},
			);
			projectRoot = "";
			targets = (
				0EE260A01955EE69004939DF /* GitKit */,
				0EE260AB1955EE69004939DF /* GitKitTests */,
			);
		};
/* End PBXProject section */

/* Begin PBXReferenceProxy section */
		0EE260C51955F220004939DF /* Agent.framework */ = {
			isa = PBXReferenceProxy;
			fileType = wrapper.framework;
			path = Agent.framework;
			remoteRef = 0EE260C41955F220004939DF /* PBXContainerItemProxy */;
			sourceTree = BUILT_PRODUCTS_DIR;
		};
		0EE260C71955F220004939DF /* AgentTests.xctest */ = {
			isa = PBXReferenceProxy;
			fileType = wrapper.cfbundle;
			path = AgentTests.xctest;
			remoteRef = 0EE260C61955F220004939DF /* PBXContainerItemProxy */;
			sourceTree = BUILT_PRODUCTS_DIR;
		};
/* End PBXReferenceProxy section */

/* Begin PBXResourcesBuildPhase section */
		0EE2609F1955EE69004939DF /* Resources */ = {
			isa = PBXResourcesBuildPhase;
			buildActionMask = 2147483647;
			files = (
			);
			runOnlyForDeploymentPostprocessing = 0;
		};
		0EE260AA1955EE69004939DF /* Resources */ = {
			isa = PBXResourcesBuildPhase;
			buildActionMask = 2147483647;
			files = (
			);
			runOnlyForDeploymentPostprocessing = 0;
		};
/* End PBXResourcesBuildPhase section */

/* Begin PBXSourcesBuildPhase section */
		0EE2609C1955EE69004939DF /* Sources */ = {
			isa = PBXSourcesBuildPhase;
			buildActionMask = 2147483647;
			files = (
				0EE260BE1955F00D004939DF /* GitKit.swift in Sources */,
			);
			runOnlyForDeploymentPostprocessing = 0;
		};
		0EE260A81955EE69004939DF /* Sources */ = {
			isa = PBXSourcesBuildPhase;
			buildActionMask = 2147483647;
			files = (
				0EE260B41955EE69004939DF /* GitKitTests.swift in Sources */,
			);
			runOnlyForDeploymentPostprocessing = 0;
		};
/* End PBXSourcesBuildPhase section */

/* Begin PBXTargetDependency section */
		0EE260AF1955EE69004939DF /* PBXTargetDependency */ = {
			isa = PBXTargetDependency;
			target = 0EE260A01955EE69004939DF /* GitKit */;
			targetProxy = 0EE260AE1955EE69004939DF /* PBXContainerItemProxy */;
		};
/* End PBXTargetDependency section */

/* Begin XCBuildConfiguration section */
		0EE260B51955EE69004939DF /* Debug */ = {
			isa = XCBuildConfiguration;
			buildSettings = {
				ALWAYS_SEARCH_USER_PATHS = NO;
				CLANG_CXX_LANGUAGE_STANDARD = "gnu++0x";
				CLANG_CXX_LIBRARY = "libc++";
				CLANG_ENABLE_MODULES = YES;
				CLANG_ENABLE_OBJC_ARC = YES;
				CLANG_WARN_BOOL_CONVERSION = YES;
				CLANG_WARN_CONSTANT_CONVERSION = YES;
				CLANG_WARN_DIRECT_OBJC_ISA_USAGE = YES_ERROR;
				CLANG_WARN_EMPTY_BODY = YES;
				CLANG_WARN_ENUM_CONVERSION = YES;
				CLANG_WARN_INT_CONVERSION = YES;
				CLANG_WARN_OBJC_ROOT_CLASS = YES_ERROR;
				CLANG_WARN_UNREACHABLE_CODE = YES;
				CLANG_WARN__DUPLICATE_METHOD_MATCH = YES;
				"CODE_SIGN_IDENTITY[sdk=iphoneos*]" = "iPhone Developer";
				COPY_PHASE_STRIP = NO;
				CURRENT_PROJECT_VERSION = 1;
				ENABLE_STRICT_OBJC_MSGSEND = YES;
				GCC_C_LANGUAGE_STANDARD = gnu99;
				GCC_DYNAMIC_NO_PIC = NO;
				GCC_OPTIMIZATION_LEVEL = 0;
				GCC_PREPROCESSOR_DEFINITIONS = (
					"DEBUG=1",
					"$(inherited)",
				);
				GCC_SYMBOLS_PRIVATE_EXTERN = NO;
				GCC_WARN_64_TO_32_BIT_CONVERSION = YES;
				GCC_WARN_ABOUT_RETURN_TYPE = YES_ERROR;
				GCC_WARN_UNDECLARED_SELECTOR = YES;
				GCC_WARN_UNINITIALIZED_AUTOS = YES_AGGRESSIVE;
				GCC_WARN_UNUSED_FUNCTION = YES;
				GCC_WARN_UNUSED_VARIABLE = YES;
				IPHONEOS_DEPLOYMENT_TARGET = 8.0;
				METAL_ENABLE_DEBUG_INFO = YES;
				ONLY_ACTIVE_ARCH = YES;
				SDKROOT = iphoneos;
				SWIFT_OPTIMIZATION_LEVEL = "-Onone";
				TARGETED_DEVICE_FAMILY = "1,2";
				VERSIONING_SYSTEM = "apple-generic";
				VERSION_INFO_PREFIX = "";
			};
			name = Debug;
		};
		0EE260B61955EE69004939DF /* Release */ = {
			isa = XCBuildConfiguration;
			buildSettings = {
				ALWAYS_SEARCH_USER_PATHS = NO;
				CLANG_CXX_LANGUAGE_STANDARD = "gnu++0x";
				CLANG_CXX_LIBRARY = "libc++";
				CLANG_ENABLE_MODULES = YES;
				CLANG_ENABLE_OBJC_ARC = YES;
				CLANG_WARN_BOOL_CONVERSION = YES;
				CLANG_WARN_CONSTANT_CONVERSION = YES;
				CLANG_WARN_DIRECT_OBJC_ISA_USAGE = YES_ERROR;
				CLANG_WARN_EMPTY_BODY = YES;
				CLANG_WARN_ENUM_CONVERSION = YES;
				CLANG_WARN_INT_CONVERSION = YES;
				CLANG_WARN_OBJC_ROOT_CLASS = YES_ERROR;
				CLANG_WARN_UNREACHABLE_CODE = YES;
				CLANG_WARN__DUPLICATE_METHOD_MATCH = YES;
				"CODE_SIGN_IDENTITY[sdk=iphoneos*]" = "iPhone Developer";
				COPY_PHASE_STRIP = YES;
				CURRENT_PROJECT_VERSION = 1;
				ENABLE_NS_ASSERTIONS = NO;
				ENABLE_STRICT_OBJC_MSGSEND = YES;
				GCC_C_LANGUAGE_STANDARD = gnu99;
				GCC_WARN_64_TO_32_BIT_CONVERSION = YES;
				GCC_WARN_ABOUT_RETURN_TYPE = YES_ERROR;
				GCC_WARN_UNDECLARED_SELECTOR = YES;
				GCC_WARN_UNINITIALIZED_AUTOS = YES_AGGRESSIVE;
				GCC_WARN_UNUSED_FUNCTION = YES;
				GCC_WARN_UNUSED_VARIABLE = YES;
				IPHONEOS_DEPLOYMENT_TARGET = 8.0;
				METAL_ENABLE_DEBUG_INFO = NO;
				SDKROOT = iphoneos;
				TARGETED_DEVICE_FAMILY = "1,2";
				VALIDATE_PRODUCT = YES;
				VERSIONING_SYSTEM = "apple-generic";
				VERSION_INFO_PREFIX = "";
			};
			name = Release;
		};
		0EE260B81955EE69004939DF /* Debug */ = {
			isa = XCBuildConfiguration;
			buildSettings = {
				CLANG_ENABLE_MODULES = YES;
				DEFINES_MODULE = YES;
				DYLIB_COMPATIBILITY_VERSION = 1;
				DYLIB_CURRENT_VERSION = 1;
				DYLIB_INSTALL_NAME_BASE = "@rpath";
				INFOPLIST_FILE = GitKit/Info.plist;
				INSTALL_PATH = "$(LOCAL_LIBRARY_DIR)/Frameworks";
				IPHONEOS_DEPLOYMENT_TARGET = 7.0;
				LD_RUNPATH_SEARCH_PATHS = "$(inherited) @executable_path/Frameworks @loader_path/Frameworks";
				PRODUCT_NAME = "$(TARGET_NAME)";
				SKIP_INSTALL = YES;
				SWIFT_OPTIMIZATION_LEVEL = "-Onone";
			};
			name = Debug;
		};
		0EE260B91955EE69004939DF /* Release */ = {
			isa = XCBuildConfiguration;
			buildSettings = {
				CLANG_ENABLE_MODULES = YES;
				DEFINES_MODULE = YES;
				DYLIB_COMPATIBILITY_VERSION = 1;
				DYLIB_CURRENT_VERSION = 1;
				DYLIB_INSTALL_NAME_BASE = "@rpath";
				INFOPLIST_FILE = GitKit/Info.plist;
				INSTALL_PATH = "$(LOCAL_LIBRARY_DIR)/Frameworks";
				IPHONEOS_DEPLOYMENT_TARGET = 7.0;
				LD_RUNPATH_SEARCH_PATHS = "$(inherited) @executable_path/Frameworks @loader_path/Frameworks";
				PRODUCT_NAME = "$(TARGET_NAME)";
				SKIP_INSTALL = YES;
			};
			name = Release;
		};
		0EE260BB1955EE69004939DF /* Debug */ = {
			isa = XCBuildConfiguration;
			buildSettings = {
				FRAMEWORK_SEARCH_PATHS = (
					"$(SDKROOT)/Developer/Library/Frameworks",
					"$(inherited)",
				);
				GCC_PREPROCESSOR_DEFINITIONS = (
					"DEBUG=1",
					"$(inherited)",
				);
				INFOPLIST_FILE = GitKitTests/Info.plist;
				LD_RUNPATH_SEARCH_PATHS = "$(inherited) @executable_path/Frameworks @loader_path/Frameworks";
				METAL_ENABLE_DEBUG_INFO = YES;
				PRODUCT_NAME = "$(TARGET_NAME)";
			};
			name = Debug;
		};
		0EE260BC1955EE69004939DF /* Release */ = {
			isa = XCBuildConfiguration;
			buildSettings = {
				FRAMEWORK_SEARCH_PATHS = (
					"$(SDKROOT)/Developer/Library/Frameworks",
					"$(inherited)",
				);
				INFOPLIST_FILE = GitKitTests/Info.plist;
				LD_RUNPATH_SEARCH_PATHS = "$(inherited) @executable_path/Frameworks @loader_path/Frameworks";
				METAL_ENABLE_DEBUG_INFO = NO;
				PRODUCT_NAME = "$(TARGET_NAME)";
			};
			name = Release;
		};
/* End XCBuildConfiguration section */

/* Begin XCConfigurationList section */
		0EE2609B1955EE69004939DF /* Build configuration list for PBXProject "GitKit" */ = {
			isa = XCConfigurationList;
			buildConfigurations = (
				0EE260B51955EE69004939DF /* Debug */,
				0EE260B61955EE69004939DF /* Release */,
			);
			defaultConfigurationIsVisible = 0;
			defaultConfigurationName = Release;
		};
		0EE260B71955EE69004939DF /* Build configuration list for PBXNativeTarget "GitKit" */ = {
			isa = XCConfigurationList;
			buildConfigurations = (
				0EE260B81955EE69004939DF /* Debug */,
				0EE260B91955EE69004939DF /* Release */,
			);
			defaultConfigurationIsVisible = 0;
		};
		0EE260BA1955EE69004939DF /* Build configuration list for PBXNativeTarget "GitKitTests" */ = {
			isa = XCConfigurationList;
			buildConfigurations = (
				0EE260BB1955EE69004939DF /* Debug */,
				0EE260BC1955EE69004939DF /* Release */,
			);
			defaultConfigurationIsVisible = 0;
		};
/* End XCConfigurationList section */
	};
	rootObject = 0EE260981955EE69004939DF /* Project object */;
}
